# THIS IS AN AUTOGENERATED FILE. DO NOT EDIT THIS FILE DIRECTLY.
# yarn lockfile v1


"closed-loop-agents@github:leeran7/closed-loop-agents#claude/closed-loop-agent-count-g77tl5":
  version "1.0.0"
  resolved "https://codeload.github.com/leeran7/closed-loop-agents/tar.gz/92a1b5b81f46b3c94e809946b7af162d9d476245"
