# THIS IS AN AUTOGENERATED FILE. DO NOT EDIT THIS FILE DIRECTLY.
# yarn lockfile v1


"closed-loop-agents@github:leeran7/closed-loop-agents#claude/closed-loop-agent-count-g77tl5":
  version "1.0.0"
  resolved "https://codeload.github.com/leeran7/closed-loop-agents/tar.gz/ecebf16ec02e2594b328ee2ec9b54fd17e508afe"
