# THIS IS AN AUTOGENERATED FILE. DO NOT EDIT THIS FILE DIRECTLY.
# yarn lockfile v1


"closed-loop-agents@github:leeran7/closed-loop-agents#claude/closed-loop-reusable-package-7tu6mq":
  version "1.0.0"
  resolved "https://codeload.github.com/leeran7/closed-loop-agents/tar.gz/1557b87677ec0ded4937ce778e448ef713fb6abf"
